
Microsoft Visual Studio Solution File, Format Version 12.00
# Visual Studio Version 16
VisualStudioVersion = 16.0.31613.86
MinimumVisualStudioVersion = 10.0.40219.1
Project("{9A19103F-16F7-4668-BE54-9A1E7A4F7556}") = "Calculator1", "Calculator1\Calculator1.csproj", "{04F4AAC9-29DF-4627-908E-3E183833DC1D}"
EndProject
Project("{FAE04EC0-301F-11D3-BF4B-00C04F79EFBC}") = "Calculator1.Tests", "Calculator1.Tests\Calculator1.Tests.csproj", "{C12EAFDF-8172-40E9-B265-9366CA704F64}"
EndProject
Global
	GlobalSection(SolutionConfigurationPlatforms) = preSolution
		Debug|Any CPU = Debug|Any CPU
		Release|Any CPU = Release|Any CPU
	EndGlobalSection
	GlobalSection(ProjectConfigurationPlatforms) = postSolution
		{04F4AAC9-29DF-4627-908E-3E183833DC1D}.Debug|Any CPU.ActiveCfg = Debug|Any CPU
		{04F4AAC9-29DF-4627-908E-3E183833DC1D}.Debug|Any CPU.Build.0 = Debug|Any CPU
		{04F4AAC9-29DF-4627-908E-3E183833DC1D}.Release|Any CPU.ActiveCfg = Release|Any CPU
		{04F4AAC9-29DF-4627-908E-3E183833DC1D}.Release|Any CPU.Build.0 = Release|Any CPU
		{C12EAFDF-8172-40E9-B265-9366CA704F64}.Debug|Any CPU.ActiveCfg = Debug|Any CPU
		{C12EAFDF-8172-40E9-B265-9366CA704F64}.Debug|Any CPU.Build.0 = Debug|Any CPU
		{C12EAFDF-8172-40E9-B265-9366CA704F64}.Release|Any CPU.ActiveCfg = Release|Any CPU
		{C12EAFDF-8172-40E9-B265-9366CA704F64}.Release|Any CPU.Build.0 = Release|Any CPU
	EndGlobalSection
	GlobalSection(SolutionProperties) = preSolution
		HideSolutionNode = FALSE
	EndGlobalSection
	GlobalSection(ExtensibilityGlobals) = postSolution
		SolutionGuid = {67AAC5A1-D52B-4D89-B6D6-65C25D567BCB}
	EndGlobalSection
EndGlobal
